{
  "name": "mitx-canvas-lti-link-updater",
  "version": "1.0.0",
  "lockfileVersion": 3,
  "requires": true,
  "packages": {
    "": {
      "name": "mitx-canvas-lti-link-updater",
      "version": "1.0.0",
      "devDependencies": {
        "@xmldom/xmldom": "^0.8.10",
        "@zip.js/zip.js": "2.7.45"
      }
    },
    "node_modules/@xmldom/xmldom": {
      "version": "0.8.13",
      "resolved": "https://registry.npmjs.org/@xmldom/xmldom/-/xmldom-0.8.13.tgz",
      "integrity": "sha512-KRYzxepc14G/CEpEGc3Yn+JKaAeT63smlDr+vjB8jRfgTBBI9wRj/nkQEO+ucV8p8I9bfKLWp37uHgFrbntPvw==",
      "dev": true,
      "license": "MIT",
      "engines": {
        "node": ">=10.0.0"
      }
    },
    "node_modules/@zip.js/zip.js": {
      "version": "2.7.45",
      "resolved": "https://registry.npmjs.org/@zip.js/zip.js/-/zip.js-2.7.45.tgz",
      "integrity": "sha512-Mm2EXF33DJQ/3GWWEWeP1UCqzpQ5+fiMvT3QWspsXY05DyqqxWu7a9awSzU4/spHMHVFrTjani1PR0vprgZpow==",
      "dev": true,
      "license": "BSD-3-Clause",
      "engines": {
        "bun": ">=0.7.0",
        "deno": ">=1.0.0",
        "node": ">=16.5.0"
      }
    }
  }
}
